<Solution>
  <Project Path="RAGSharp.Console/RAGSharp.Console.csproj" />
  <Project Path="RAGSharp.Providers/RAGSharp.Providers.csproj" />
  <Project Path="RAGSharp.Storage/RAGSharp.Storage.csproj" />
  <Project Path="RAGSharp.Tests/RAGSharp.Tests.csproj" />
  <Project Path="RAGSharp.WebAPI/RAGSharp.WebAPI.csproj" />
  <Project Path="RAGSharp/RAGSharp.Core.csproj" />
</Solution>
